
Microsoft Visual Studio Solution File, Format Version 12.00
# Visual Studio Version 16
VisualStudioVersion = 16.0.29503.13
MinimumVisualStudioVersion = 10.0.40219.1
Project("{FAE04EC0-301F-11D3-BF4B-00C04F79EFBC}") = "GCW", "GCW.csproj", "{B39CBCEC-CE19-4C60-9963-F741C9A0C253}"
EndProject
Global
	GlobalSection(SolutionConfigurationPlatforms) = preSolution
		Debug|Any CPU = Debug|Any CPU
		Release|Any CPU = Release|Any CPU
	EndGlobalSection
	GlobalSection(ProjectConfigurationPlatforms) = postSolution
		{B39CBCEC-CE19-4C60-9963-F741C9A0C253}.Debug|Any CPU.ActiveCfg = Debug|Any CPU
		{B39CBCEC-CE19-4C60-9963-F741C9A0C253}.Debug|Any CPU.Build.0 = Debug|Any CPU
		{B39CBCEC-CE19-4C60-9963-F741C9A0C253}.Release|Any CPU.ActiveCfg = Release|Any CPU
		{B39CBCEC-CE19-4C60-9963-F741C9A0C253}.Release|Any CPU.Build.0 = Release|Any CPU
	EndGlobalSection
	GlobalSection(SolutionProperties) = preSolution
		HideSolutionNode = FALSE
	EndGlobalSection
	GlobalSection(ExtensibilityGlobals) = postSolution
		SolutionGuid = {8E2044AF-308A-44A0-BF9A-4EA90EFBD0D7}
	EndGlobalSection
EndGlobal
